
Microsoft Visual Studio Solution File, Format Version 12.00
# Visual Studio Version 17
VisualStudioVersion = 17.8.34511.84
MinimumVisualStudioVersion = 10.0.40219.1
Project("{FAE04EC0-301F-11D3-BF4B-00C04F79EFBC}") = "DifferentialEquations", "DifferentialEquations.csproj", "{DDDC1F3E-E122-484E-A31F-BB6FA8AF8A36}"
EndProject
Project("{FAE04EC0-301F-11D3-BF4B-00C04F79EFBC}") = "Model", "Model\Model.csproj", "{A0A44317-C7D1-49A0-B1E8-A2D04B68ECC7}"
EndProject
Global
	GlobalSection(SolutionConfigurationPlatforms) = preSolution
		Debug|Any CPU = Debug|Any CPU
		Release|Any CPU = Release|Any CPU
	EndGlobalSection
	GlobalSection(ProjectConfigurationPlatforms) = postSolution
		{DDDC1F3E-E122-484E-A31F-BB6FA8AF8A36}.Debug|Any CPU.ActiveCfg = Debug|Any CPU
		{DDDC1F3E-E122-484E-A31F-BB6FA8AF8A36}.Debug|Any CPU.Build.0 = Debug|Any CPU
		{DDDC1F3E-E122-484E-A31F-BB6FA8AF8A36}.Release|Any CPU.ActiveCfg = Release|Any CPU
		{DDDC1F3E-E122-484E-A31F-BB6FA8AF8A36}.Release|Any CPU.Build.0 = Release|Any CPU
		{A0A44317-C7D1-49A0-B1E8-A2D04B68ECC7}.Debug|Any CPU.ActiveCfg = Debug|Any CPU
		{A0A44317-C7D1-49A0-B1E8-A2D04B68ECC7}.Debug|Any CPU.Build.0 = Debug|Any CPU
		{A0A44317-C7D1-49A0-B1E8-A2D04B68ECC7}.Release|Any CPU.ActiveCfg = Release|Any CPU
		{A0A44317-C7D1-49A0-B1E8-A2D04B68ECC7}.Release|Any CPU.Build.0 = Release|Any CPU
	EndGlobalSection
	GlobalSection(SolutionProperties) = preSolution
		HideSolutionNode = FALSE
	EndGlobalSection
	GlobalSection(ExtensibilityGlobals) = postSolution
		SolutionGuid = {1BC767AA-6A36-4193-A6B8-FC4161FD1270}
	EndGlobalSection
EndGlobal
