
Microsoft Visual Studio Solution File, Format Version 12.00
# Visual Studio Version 17
VisualStudioVersion = 17.7.34221.43
MinimumVisualStudioVersion = 10.0.40219.1
Project("{FAE04EC0-301F-11D3-BF4B-00C04F79EFBC}") = "Integration", "Integration.csproj", "{382C17CD-D230-499C-8AE5-7AF55DC4AF5E}"
EndProject
Global
	GlobalSection(SolutionConfigurationPlatforms) = preSolution
		Debug|Any CPU = Debug|Any CPU
		Release|Any CPU = Release|Any CPU
	EndGlobalSection
	GlobalSection(ProjectConfigurationPlatforms) = postSolution
		{382C17CD-D230-499C-8AE5-7AF55DC4AF5E}.Debug|Any CPU.ActiveCfg = Debug|Any CPU
		{382C17CD-D230-499C-8AE5-7AF55DC4AF5E}.Debug|Any CPU.Build.0 = Debug|Any CPU
		{382C17CD-D230-499C-8AE5-7AF55DC4AF5E}.Release|Any CPU.ActiveCfg = Release|Any CPU
		{382C17CD-D230-499C-8AE5-7AF55DC4AF5E}.Release|Any CPU.Build.0 = Release|Any CPU
	EndGlobalSection
	GlobalSection(SolutionProperties) = preSolution
		HideSolutionNode = FALSE
	EndGlobalSection
	GlobalSection(ExtensibilityGlobals) = postSolution
		SolutionGuid = {7BAE4B03-B3AA-4A68-B887-6902CB4EC3FC}
	EndGlobalSection
EndGlobal
