
Microsoft Visual Studio Solution File, Format Version 12.00
# Visual Studio Version 17
VisualStudioVersion = 17.8.34511.84
MinimumVisualStudioVersion = 10.0.40219.1
Project("{FAE04EC0-301F-11D3-BF4B-00C04F79EFBC}") = "Differentiation", "Differentiation.csproj", "{9B1469B6-E3A0-4B2E-8C8F-FBE44C5633CC}"
EndProject
Global
	GlobalSection(SolutionConfigurationPlatforms) = preSolution
		Debug|Any CPU = Debug|Any CPU
		Release|Any CPU = Release|Any CPU
	EndGlobalSection
	GlobalSection(ProjectConfigurationPlatforms) = postSolution
		{9B1469B6-E3A0-4B2E-8C8F-FBE44C5633CC}.Debug|Any CPU.ActiveCfg = Debug|Any CPU
		{9B1469B6-E3A0-4B2E-8C8F-FBE44C5633CC}.Debug|Any CPU.Build.0 = Debug|Any CPU
		{9B1469B6-E3A0-4B2E-8C8F-FBE44C5633CC}.Release|Any CPU.ActiveCfg = Release|Any CPU
		{9B1469B6-E3A0-4B2E-8C8F-FBE44C5633CC}.Release|Any CPU.Build.0 = Release|Any CPU
	EndGlobalSection
	GlobalSection(SolutionProperties) = preSolution
		HideSolutionNode = FALSE
	EndGlobalSection
	GlobalSection(ExtensibilityGlobals) = postSolution
		SolutionGuid = {6BC3C521-E2EB-4BD3-8C5B-1858CC783EF3}
	EndGlobalSection
EndGlobal
